
Microsoft Visual Studio Solution File, Format Version 12.00
# Visual Studio Version 17
VisualStudioVersion = 17.11.35327.3
MinimumVisualStudioVersion = 10.0.40219.1
Project("{FAE04EC0-301F-11D3-BF4B-00C04F79EFBC}") = "L22Work", "L22Work.csproj", "{27F02B88-796E-4FEE-947E-85AD7F523900}"
EndProject
Global
	GlobalSection(SolutionConfigurationPlatforms) = preSolution
		Debug|Any CPU = Debug|Any CPU
		Release|Any CPU = Release|Any CPU
	EndGlobalSection
	GlobalSection(ProjectConfigurationPlatforms) = postSolution
		{27F02B88-796E-4FEE-947E-85AD7F523900}.Debug|Any CPU.ActiveCfg = Debug|Any CPU
		{27F02B88-796E-4FEE-947E-85AD7F523900}.Debug|Any CPU.Build.0 = Debug|Any CPU
		{27F02B88-796E-4FEE-947E-85AD7F523900}.Release|Any CPU.ActiveCfg = Release|Any CPU
		{27F02B88-796E-4FEE-947E-85AD7F523900}.Release|Any CPU.Build.0 = Release|Any CPU
	EndGlobalSection
	GlobalSection(SolutionProperties) = preSolution
		HideSolutionNode = FALSE
	EndGlobalSection
	GlobalSection(ExtensibilityGlobals) = postSolution
		SolutionGuid = {D2A1B3E5-B867-4705-85E4-2654866867FC}
	EndGlobalSection
EndGlobal
